
Microsoft Visual Studio Solution File, Format Version 12.00
# Visual Studio Version 16
VisualStudioVersion = 16.0.29709.97
MinimumVisualStudioVersion = 10.0.40219.1
Project("{9A19103F-16F7-4668-BE54-9A1E7A4F7556}") = "BlazorPrototype", "BlazorPrototype\BlazorPrototype.csproj", "{80F2330E-0785-4319-94E1-FB65663A02AF}"
EndProject
Project("{9A19103F-16F7-4668-BE54-9A1E7A4F7556}") = "BlazorPrototype.Data", "BlazorPrototype.Data\BlazorPrototype.Data.csproj", "{992D27EF-3631-4B7C-B3FA-B4134E464F1B}"
EndProject
Global
	GlobalSection(SolutionConfigurationPlatforms) = preSolution
		Debug|Any CPU = Debug|Any CPU
		Release|Any CPU = Release|Any CPU
	EndGlobalSection
	GlobalSection(ProjectConfigurationPlatforms) = postSolution
		{80F2330E-0785-4319-94E1-FB65663A02AF}.Debug|Any CPU.ActiveCfg = Debug|Any CPU
		{80F2330E-0785-4319-94E1-FB65663A02AF}.Debug|Any CPU.Build.0 = Debug|Any CPU
		{80F2330E-0785-4319-94E1-FB65663A02AF}.Release|Any CPU.ActiveCfg = Release|Any CPU
		{80F2330E-0785-4319-94E1-FB65663A02AF}.Release|Any CPU.Build.0 = Release|Any CPU
		{992D27EF-3631-4B7C-B3FA-B4134E464F1B}.Debug|Any CPU.ActiveCfg = Debug|Any CPU
		{992D27EF-3631-4B7C-B3FA-B4134E464F1B}.Debug|Any CPU.Build.0 = Debug|Any CPU
		{992D27EF-3631-4B7C-B3FA-B4134E464F1B}.Release|Any CPU.ActiveCfg = Release|Any CPU
		{992D27EF-3631-4B7C-B3FA-B4134E464F1B}.Release|Any CPU.Build.0 = Release|Any CPU
	EndGlobalSection
	GlobalSection(SolutionProperties) = preSolution
		HideSolutionNode = FALSE
	EndGlobalSection
	GlobalSection(ExtensibilityGlobals) = postSolution
		SolutionGuid = {18E0781B-434D-4111-BB00-EC7F9437282D}
	EndGlobalSection
EndGlobal
