
Microsoft Visual Studio Solution File, Format Version 12.00
# Visual Studio Version 16
VisualStudioVersion = 16.0.29709.97
MinimumVisualStudioVersion = 10.0.40219.1
Project("{9A19103F-16F7-4668-BE54-9A1E7A4F7556}") = "EmployeeManagement", "EmployeeManagement\EmployeeManagement.csproj", "{C2CF96DC-6E49-4339-B6F3-A4182FFC770A}"
EndProject
Project("{9A19103F-16F7-4668-BE54-9A1E7A4F7556}") = "EmployeeManagement.Data", "EmployeeManagement.Data\EmployeeManagement.Data.csproj", "{BB165333-63B3-426D-BCFF-063DF3F6B54F}"
EndProject
Global
	GlobalSection(SolutionConfigurationPlatforms) = preSolution
		Debug|Any CPU = Debug|Any CPU
		Release|Any CPU = Release|Any CPU
	EndGlobalSection
	GlobalSection(ProjectConfigurationPlatforms) = postSolution
		{C2CF96DC-6E49-4339-B6F3-A4182FFC770A}.Debug|Any CPU.ActiveCfg = Debug|Any CPU
		{C2CF96DC-6E49-4339-B6F3-A4182FFC770A}.Debug|Any CPU.Build.0 = Debug|Any CPU
		{C2CF96DC-6E49-4339-B6F3-A4182FFC770A}.Release|Any CPU.ActiveCfg = Release|Any CPU
		{C2CF96DC-6E49-4339-B6F3-A4182FFC770A}.Release|Any CPU.Build.0 = Release|Any CPU
		{BB165333-63B3-426D-BCFF-063DF3F6B54F}.Debug|Any CPU.ActiveCfg = Debug|Any CPU
		{BB165333-63B3-426D-BCFF-063DF3F6B54F}.Debug|Any CPU.Build.0 = Debug|Any CPU
		{BB165333-63B3-426D-BCFF-063DF3F6B54F}.Release|Any CPU.ActiveCfg = Release|Any CPU
		{BB165333-63B3-426D-BCFF-063DF3F6B54F}.Release|Any CPU.Build.0 = Release|Any CPU
	EndGlobalSection
	GlobalSection(SolutionProperties) = preSolution
		HideSolutionNode = FALSE
	EndGlobalSection
	GlobalSection(ExtensibilityGlobals) = postSolution
		SolutionGuid = {18E0781B-434D-4111-BB00-EC7F9437282D}
	EndGlobalSection
EndGlobal
